
Microsoft Visual Studio Solution File, Format Version 12.00
# Visual Studio Version 17
VisualStudioVersion = 17.14.36212.18 d17.14
MinimumVisualStudioVersion = 10.0.40219.1
Project("{FAE04EC0-301F-11D3-BF4B-00C04F79EFBC}") = "ITP_Assignment", "ITP_Assignment\ITP_Assignment.csproj", "{8465085E-E9FC-4F0C-A6C1-4689E1D3FE37}"
EndProject
Global
	GlobalSection(SolutionConfigurationPlatforms) = preSolution
		Debug|Any CPU = Debug|Any CPU
		Release|Any CPU = Release|Any CPU
	EndGlobalSection
	GlobalSection(ProjectConfigurationPlatforms) = postSolution
		{8465085E-E9FC-4F0C-A6C1-4689E1D3FE37}.Debug|Any CPU.ActiveCfg = Debug|Any CPU
		{8465085E-E9FC-4F0C-A6C1-4689E1D3FE37}.Debug|Any CPU.Build.0 = Debug|Any CPU
		{8465085E-E9FC-4F0C-A6C1-4689E1D3FE37}.Release|Any CPU.ActiveCfg = Release|Any CPU
		{8465085E-E9FC-4F0C-A6C1-4689E1D3FE37}.Release|Any CPU.Build.0 = Release|Any CPU
	EndGlobalSection
	GlobalSection(SolutionProperties) = preSolution
		HideSolutionNode = FALSE
	EndGlobalSection
	GlobalSection(ExtensibilityGlobals) = postSolution
		SolutionGuid = {1F2C4FD1-9582-4B08-9EBF-B1E304F74965}
	EndGlobalSection
EndGlobal
